{
  "originHash" : "c0d42c476305ec1a61da30addbf14ff2c96fbde6c8f1a7740c0645f53df3ad12",
  "pins" : [
    {
      "identity" : "swift-syntax",
      "kind" : "remoteSourceControl",
      "location" : "https://github.com/apple/swift-syntax.git",
      "state" : {
        "revision" : "1103c45ece4f7fe160b8f75b4ea1ee2e5fac1841",
        "version" : "601.0.0"
      }
    }
  ],
  "version" : 3
}
